
Microsoft Visual Studio Solution File, Format Version 12.00
# Visual Studio 15
VisualStudioVersion = 15.0.27004.2002
MinimumVisualStudioVersion = 10.0.40219.1
Project("{FAE04EC0-301F-11D3-BF4B-00C04F79EFBC}") = "WebServer_", "WebServer_\WebServer_.csproj", "{5AA0CD10-56DA-42F2-8112-4AB3E97757D7}"
EndProject
Project("{FAE04EC0-301F-11D3-BF4B-00C04F79EFBC}") = "DBConnect", "DBConnect\DBConnect.csproj", "{6D65BDCC-9A2B-4437-AF9F-70832484E084}"
EndProject
Project("{FAE04EC0-301F-11D3-BF4B-00C04F79EFBC}") = "ClientWinForms", "ClientWinForms\ClientWinForms.csproj", "{627A9A0A-6295-4F1F-B1A9-76A09FDCA954}"
EndProject
Global
	GlobalSection(SolutionConfigurationPlatforms) = preSolution
		Debug|Any CPU = Debug|Any CPU
		Release|Any CPU = Release|Any CPU
	EndGlobalSection
	GlobalSection(ProjectConfigurationPlatforms) = postSolution
		{5AA0CD10-56DA-42F2-8112-4AB3E97757D7}.Debug|Any CPU.ActiveCfg = Debug|Any CPU
		{5AA0CD10-56DA-42F2-8112-4AB3E97757D7}.Debug|Any CPU.Build.0 = Debug|Any CPU
		{5AA0CD10-56DA-42F2-8112-4AB3E97757D7}.Release|Any CPU.ActiveCfg = Release|Any CPU
		{5AA0CD10-56DA-42F2-8112-4AB3E97757D7}.Release|Any CPU.Build.0 = Release|Any CPU
		{6D65BDCC-9A2B-4437-AF9F-70832484E084}.Debug|Any CPU.ActiveCfg = Debug|Any CPU
		{6D65BDCC-9A2B-4437-AF9F-70832484E084}.Debug|Any CPU.Build.0 = Debug|Any CPU
		{6D65BDCC-9A2B-4437-AF9F-70832484E084}.Release|Any CPU.ActiveCfg = Release|Any CPU
		{6D65BDCC-9A2B-4437-AF9F-70832484E084}.Release|Any CPU.Build.0 = Release|Any CPU
		{627A9A0A-6295-4F1F-B1A9-76A09FDCA954}.Debug|Any CPU.ActiveCfg = Debug|Any CPU
		{627A9A0A-6295-4F1F-B1A9-76A09FDCA954}.Debug|Any CPU.Build.0 = Debug|Any CPU
		{627A9A0A-6295-4F1F-B1A9-76A09FDCA954}.Release|Any CPU.ActiveCfg = Release|Any CPU
		{627A9A0A-6295-4F1F-B1A9-76A09FDCA954}.Release|Any CPU.Build.0 = Release|Any CPU
	EndGlobalSection
	GlobalSection(SolutionProperties) = preSolution
		HideSolutionNode = FALSE
	EndGlobalSection
	GlobalSection(ExtensibilityGlobals) = postSolution
		SolutionGuid = {83F7DEE1-5477-4601-B770-E92EE076EB4F}
	EndGlobalSection
EndGlobal
